
Microsoft Visual Studio Solution File, Format Version 12.00
# Visual Studio Version 16
VisualStudioVersion = 16.0.32126.315
MinimumVisualStudioVersion = 10.0.40219.1
Project("{FAE04EC0-301F-11D3-BF4B-00C04F79EFBC}") = "ProjetoTS-Cliente", "Ficha3-Cliente\ProjetoTS-Cliente.csproj", "{69C59112-2D54-48FE-B599-D51708055E2A}"
EndProject
Project("{FAE04EC0-301F-11D3-BF4B-00C04F79EFBC}") = "PorjetoTS-Server", "Ficha3-Server\PorjetoTS-Server.csproj", "{5DB28767-4A89-4565-8255-5765334E7EAC}"
EndProject
Global
	GlobalSection(SolutionConfigurationPlatforms) = preSolution
		Debug|Any CPU = Debug|Any CPU
		Release|Any CPU = Release|Any CPU
	EndGlobalSection
	GlobalSection(ProjectConfigurationPlatforms) = postSolution
		{69C59112-2D54-48FE-B599-D51708055E2A}.Debug|Any CPU.ActiveCfg = Debug|Any CPU
		{69C59112-2D54-48FE-B599-D51708055E2A}.Debug|Any CPU.Build.0 = Debug|Any CPU
		{69C59112-2D54-48FE-B599-D51708055E2A}.Release|Any CPU.ActiveCfg = Release|Any CPU
		{69C59112-2D54-48FE-B599-D51708055E2A}.Release|Any CPU.Build.0 = Release|Any CPU
		{5DB28767-4A89-4565-8255-5765334E7EAC}.Debug|Any CPU.ActiveCfg = Debug|Any CPU
		{5DB28767-4A89-4565-8255-5765334E7EAC}.Debug|Any CPU.Build.0 = Debug|Any CPU
		{5DB28767-4A89-4565-8255-5765334E7EAC}.Release|Any CPU.ActiveCfg = Release|Any CPU
		{5DB28767-4A89-4565-8255-5765334E7EAC}.Release|Any CPU.Build.0 = Release|Any CPU
	EndGlobalSection
	GlobalSection(SolutionProperties) = preSolution
		HideSolutionNode = FALSE
	EndGlobalSection
	GlobalSection(ExtensibilityGlobals) = postSolution
		SolutionGuid = {0CE28EA1-7039-4016-BDB8-A9BB363B761D}
	EndGlobalSection
EndGlobal
